# @generated by Move, please check-in and do not edit manually.

[move]
version = 3
manifest_digest = "DE47A862A39903521AC5E708D635815D2F20D9C42429F6734F91F95B9FFB0084"
deps_digest = "E3B0C44298FC1C149AFBF4C8996FB92427AE41E4649B934CA495991B7852B855"

[move.toolchain-version]
compiler-version = "1.36.1"
edition = "2024.beta"
flavor = "sui"
